PODS:
  - YUSCNSceneCIRenderExtension (0.1)

DEPENDENCIES:
  - YUSCNSceneCIRenderExtension (from `../`)

EXTERNAL SOURCES:
  YUSCNSceneCIRenderExtension:
    :path: "../"

SPEC CHECKSUMS:
  YUSCNSceneCIRenderExtension: 1e605f9ce1247af31797b844f4064ea65b216153

PODFILE CHECKSUM: 08bc7bc057c7dfb0bac5ba4ee1d18586695fcaf6

COCOAPODS: 1.0.0.beta.3
